<?xml version="1.0" encoding="utf-8"?>
<Project ToolsVersion="4.0" xmlns="http://schemas.microsoft.com/developer/msbuild/2003">
  <ItemGroup>
    <Filter Include="Source Files">
      <UniqueIdentifier>{4FC737F1-C7A5-4376-A066-2A32D752A2FF}</UniqueIdentifier>
      <Extensions>cpp;c;cc;cxx;def;odl;idl;hpj;bat;asm;asmx</Extensions>
    </Filter>
    <Filter Include="Header Files">
      <UniqueIdentifier>{93995380-89BD-4b04-88EB-625FBE52EBFB}</UniqueIdentifier>
      <Extensions>h;hh;hpp;hxx;hm;inl;inc;xsd</Extensions>
    </Filter>
    <Filter Include="Resource Files">
      <UniqueIdentifier>{67DA6AB6-F800-4c08-8B7A-83BB121AAD01}</UniqueIdentifier>
      <Extensions>rc;ico;cur;bmp;dlg;rc2;rct;bin;rgs;gif;jpg;jpeg;jpe;resx;tiff;tif;png;wav;mfcribbon-ms</Extensions>
    </Filter>
  </ItemGroup>
  <ItemGroup>
    <ClCompile Include="MyForm.cpp">
      <Filter>Source Files</Filter>
    </ClCompile>
    <ClCompile Include="usermenu.cpp">
      <Filter>Source Files</Filter>
    </ClCompile>
    <ClCompile Include="adminmenu.cpp">
      <Filter>Source Files</Filter>
    </ClCompile>
    <ClCompile Include="signupmenu.cpp">
      <Filter>Source Files</Filter>
    </ClCompile>
    <ClCompile Include="companymenu.cpp">
      <Filter>Source Files</Filter>
    </ClCompile>
    <ClCompile Include="admcreateuser.cpp">
      <Filter>Source Files</Filter>
    </ClCompile>
    <ClCompile Include="admdisproute.cpp">
      <Filter>Source Files</Filter>
    </ClCompile>
    <ClCompile Include="admarroute.cpp">
      <Filter>Source Files</Filter>
    </ClCompile>
    <ClCompile Include="admarre.cpp">
      <Filter>Source Files</Filter>
    </ClCompile>
    <ClCompile Include="admdcl.cpp">
      <Filter>Source Files</Filter>
    </ClCompile>
    <ClCompile Include="admdtpc.cpp">
      <Filter>Source Files</Filter>
    </ClCompile>
    <ClCompile Include="userdisproute.cpp">
      <Filter>Source Files</Filter>
    </ClCompile>
    <ClCompile Include="userdispst.cpp">
      <Filter>Source Files</Filter>
    </ClCompile>
    <ClCompile Include="userbat.cpp">
      <Filter>Source Files</Filter>
    </ClCompile>
    <ClCompile Include="usercatp.cpp">
      <Filter>Source Files</Filter>
    </ClCompile>
    <ClCompile Include="comparr.cpp">
      <Filter>Source Files</Filter>
    </ClCompile>
    <ClCompile Include="comparc.cpp">
      <Filter>Source Files</Filter>
    </ClCompile>
    <ClCompile Include="compare.cpp">
      <Filter>Source Files</Filter>
    </ClCompile>
    <ClCompile Include="compart.cpp">
      <Filter>Source Files</Filter>
    </ClCompile>
    <ClCompile Include="dioikitiki.cpp">
      <Filter>Source Files</Filter>
    </ClCompile>
    <ClCompile Include="Employee.cpp">
      <Filter>Source Files</Filter>
    </ClCompile>
    <ClCompile Include="Airhost.cpp">
      <Filter>Source Files</Filter>
    </ClCompile>
    <ClCompile Include="Customer.cpp">
      <Filter>Source Files</Filter>
    </ClCompile>
    <ClCompile Include="Pilot.cpp">
      <Filter>Source Files</Filter>
    </ClCompile>
    <ClCompile Include="Schedule.cpp">
      <Filter>Source Files</Filter>
    </ClCompile>
    <ClCompile Include="Tickets.cpp">
      <Filter>Source Files</Filter>
    </ClCompile>
    <ClCompile Include="Routeexc.cpp">
      <Filter>Source Files</Filter>
    </ClCompile>
    <ClCompile Include="Company.cpp">
      <Filter>Source Files</Filter>
    </ClCompile>
  </ItemGroup>
  <ItemGroup>
    <ClInclude Include="MyForm.h">
      <Filter>Header Files</Filter>
    </ClInclude>
    <ClInclude Include="usermenu.h">
      <Filter>Header Files</Filter>
    </ClInclude>
    <ClInclude Include="adminmenu.h">
      <Filter>Header Files</Filter>
    </ClInclude>
    <ClInclude Include="signupmenu.h">
      <Filter>Header Files</Filter>
    </ClInclude>
    <ClInclude Include="companymenu.h">
      <Filter>Header Files</Filter>
    </ClInclude>
    <ClInclude Include="admcreateuser.h">
      <Filter>Header Files</Filter>
    </ClInclude>
    <ClInclude Include="admdisproute.h">
      <Filter>Header Files</Filter>
    </ClInclude>
    <ClInclude Include="admarroute.h">
      <Filter>Header Files</Filter>
    </ClInclude>
    <ClInclude Include="admarre.h">
      <Filter>Header Files</Filter>
    </ClInclude>
    <ClInclude Include="admdcl.h">
      <Filter>Header Files</Filter>
    </ClInclude>
    <ClInclude Include="admdtpc.h">
      <Filter>Header Files</Filter>
    </ClInclude>
    <ClInclude Include="userdisproute.h">
      <Filter>Header Files</Filter>
    </ClInclude>
    <ClInclude Include="userdispst.h">
      <Filter>Header Files</Filter>
    </ClInclude>
    <ClInclude Include="userbat.h">
      <Filter>Header Files</Filter>
    </ClInclude>
    <ClInclude Include="usercatp.h">
      <Filter>Header Files</Filter>
    </ClInclude>
    <ClInclude Include="comparr.h">
      <Filter>Header Files</Filter>
    </ClInclude>
    <ClInclude Include="comparc.h">
      <Filter>Header Files</Filter>
    </ClInclude>
    <ClInclude Include="compare.h">
      <Filter>Header Files</Filter>
    </ClInclude>
    <ClInclude Include="compart.h">
      <Filter>Header Files</Filter>
    </ClInclude>
    <ClInclude Include="dioikitiki.h">
      <Filter>Header Files</Filter>
    </ClInclude>
    <ClInclude Include="Employee.h">
      <Filter>Header Files</Filter>
    </ClInclude>
    <ClInclude Include="Airhost.h">
      <Filter>Header Files</Filter>
    </ClInclude>
    <ClInclude Include="Customer.h">
      <Filter>Header Files</Filter>
    </ClInclude>
    <ClInclude Include="Pilot.h">
      <Filter>Header Files</Filter>
    </ClInclude>
    <ClInclude Include="Schedule.h">
      <Filter>Header Files</Filter>
    </ClInclude>
    <ClInclude Include="Tickets.h">
      <Filter>Header Files</Filter>
    </ClInclude>
    <ClInclude Include="Routeexc.h">
      <Filter>Header Files</Filter>
    </ClInclude>
    <ClInclude Include="Company.h">
      <Filter>Header Files</Filter>
    </ClInclude>
  </ItemGroup>
  <ItemGroup>
    <EmbeddedResource Include="adminmenu.resx">
      <Filter>Resource Files</Filter>
    </EmbeddedResource>
    <EmbeddedResource Include="MyForm.resx">
      <Filter>Resource Files</Filter>
    </EmbeddedResource>
    <EmbeddedResource Include="usermenu.resx">
      <Filter>Resource Files</Filter>
    </EmbeddedResource>
    <EmbeddedResource Include="signupmenu.resx">
      <Filter>Resource Files</Filter>
    </EmbeddedResource>
    <EmbeddedResource Include="companymenu.resx">
      <Filter>Resource Files</Filter>
    </EmbeddedResource>
    <EmbeddedResource Include="admarroute.resx">
      <Filter>Resource Files</Filter>
    </EmbeddedResource>
    <EmbeddedResource Include="admcreateuser.resx">
      <Filter>Resource Files</Filter>
    </EmbeddedResource>
    <EmbeddedResource Include="admdisproute.resx">
      <Filter>Resource Files</Filter>
    </EmbeddedResource>
    <EmbeddedResource Include="admarre.resx">
      <Filter>Resource Files</Filter>
    </EmbeddedResource>
    <EmbeddedResource Include="admdcl.resx">
      <Filter>Resource Files</Filter>
    </EmbeddedResource>
    <EmbeddedResource Include="admdtpc.resx">
      <Filter>Resource Files</Filter>
    </EmbeddedResource>
    <EmbeddedResource Include="userbat.resx">
      <Filter>Resource Files</Filter>
    </EmbeddedResource>
    <EmbeddedResource Include="userdisproute.resx">
      <Filter>Resource Files</Filter>
    </EmbeddedResource>
    <EmbeddedResource Include="userdispst.resx">
      <Filter>Resource Files</Filter>
    </EmbeddedResource>
    <EmbeddedResource Include="comparc.resx">
      <Filter>Resource Files</Filter>
    </EmbeddedResource>
    <EmbeddedResource Include="compare.resx">
      <Filter>Resource Files</Filter>
    </EmbeddedResource>
    <EmbeddedResource Include="comparr.resx">
      <Filter>Resource Files</Filter>
    </EmbeddedResource>
    <EmbeddedResource Include="compart.resx">
      <Filter>Resource Files</Filter>
    </EmbeddedResource>
    <EmbeddedResource Include="usercatp.af.resx">
      <Filter>Resource Files</Filter>
    </EmbeddedResource>
    <EmbeddedResource Include="usercatp.resx">
      <Filter>Resource Files</Filter>
    </EmbeddedResource>
    <EmbeddedResource Include="inbetw.resx">
      <Filter>Resource Files</Filter>
    </EmbeddedResource>
  </ItemGroup>
</Project>